<?xml version="1.0" encoding="utf-8"?>
<Project ToolsVersion="15.0" xmlns="http://schemas.microsoft.com/developer/msbuild/2003">
  <ItemGroup>
    <Filter Include="Common">
      <UniqueIdentifier>7b86a1b4-1bbc-46e3-b772-6cc08b54786d</UniqueIdentifier>
    </Filter>
    <Filter Include="Assets">
      <UniqueIdentifier>5bf32e6a-c54a-4863-b49b-fccadeaa79d1</UniqueIdentifier>
      <Extensions>bmp;fbx;gif;jpg;jpeg;tga;tiff;tif;png</Extensions>
    </Filter>
  </ItemGroup>
  <ItemGroup>
    <ApplicationDefinition Include="App.xaml" />
  </ItemGroup>
  <ItemGroup>
    <ClCompile Include="App.xaml.cpp" />
    <ClCompile Include="MainPage.xaml.cpp" />
    <ClCompile Include="pch.cpp" />
    <ClCompile Include="FrameSourceViewModels.cpp" />
    <ClCompile Include="HeadTracker.cpp" />
    <ClCompile Include="FrameReader.cpp" />
    <ClCompile Include="RBFTracker.cpp" />
    <ClCompile Include="CalibrationPage.xaml.cpp" />
    <ClCompile Include="CalibrationProcessor.cpp" />
    <ClCompile Include="SoftwareBitmapWrapper.cpp" />
  </ItemGroup>
  <ItemGroup>
    <ClInclude Include="pch.h" />
    <ClInclude Include="App.xaml.h" />
    <ClInclude Include="MainPage.xaml.h" />
    <ClInclude Include="FrameSourceViewModels.h" />
    <ClInclude Include="LookupTable.h" />
    <ClInclude Include="HeadTracker.h" />
    <ClInclude Include="FrameReader.h" />
    <ClInclude Include="RBFTracker.h" />
    <ClInclude Include="CalibrationPage.xaml.h" />
    <ClInclude Include="CalibrationEntry.h" />
    <ClInclude Include="CalibrationProcessor.h" />
    <ClInclude Include="SoftwareBitmapWrapper.h" />
  </ItemGroup>
  <ItemGroup>
    <Image Include="Assets\LockScreenLogo.scale-200.png">
      <Filter>Assets</Filter>
    </Image>
    <Image Include="Assets\SplashScreen.scale-200.png">
      <Filter>Assets</Filter>
    </Image>
    <Image Include="Assets\Square150x150Logo.scale-200.png">
      <Filter>Assets</Filter>
    </Image>
    <Image Include="Assets\Square44x44Logo.scale-200.png">
      <Filter>Assets</Filter>
    </Image>
    <Image Include="Assets\Square44x44Logo.targetsize-24_altform-unplated.png">
      <Filter>Assets</Filter>
    </Image>
    <Image Include="Assets\StoreLogo.png">
      <Filter>Assets</Filter>
    </Image>
    <Image Include="Assets\Wide310x150Logo.scale-200.png">
      <Filter>Assets</Filter>
    </Image>
  </ItemGroup>
  <ItemGroup>
    <AppxManifest Include="Package.appxmanifest" />
  </ItemGroup>
  <ItemGroup>
    <None Include="HeadViewer_TemporaryKey.pfx" />
    <None Include="..\data\shape_predictor_68_face_landmarks.dat" />
  </ItemGroup>
  <ItemGroup>
    <Page Include="MainPage.xaml" />
    <Page Include="CalibrationPage.xaml" />
    <Page Include="CalibrationPointViewer.xaml" />
  </ItemGroup>
</Project>